
Microsoft Visual Studio Solution File, Format Version 12.00
# Visual Studio 15
VisualStudioVersion = 15.0.28307.329
MinimumVisualStudioVersion = 10.0.40219.1
Project("{9A19103F-16F7-4668-BE54-9A1E7A4F7556}") = "MailSubscriptionsApi", "MailSubscriptionsApi\MailSubscriptionsApi.csproj", "{5E4AD25A-83A5-4F5C-98A7-4A8FCEE829F7}"
EndProject
Project("{9A19103F-16F7-4668-BE54-9A1E7A4F7556}") = "MailSubscriptionsApi.Tests", "MailSubscriptionsApi.Tests\MailSubscriptionsApi.Tests.csproj", "{99A27D4C-BB31-49C0-8CD3-0CEA188A29A5}"
EndProject
Global
	GlobalSection(SolutionConfigurationPlatforms) = preSolution
		Debug|Any CPU = Debug|Any CPU
		Release|Any CPU = Release|Any CPU
	EndGlobalSection
	GlobalSection(ProjectConfigurationPlatforms) = postSolution
		{5E4AD25A-83A5-4F5C-98A7-4A8FCEE829F7}.Debug|Any CPU.ActiveCfg = Debug|Any CPU
		{5E4AD25A-83A5-4F5C-98A7-4A8FCEE829F7}.Debug|Any CPU.Build.0 = Debug|Any CPU
		{5E4AD25A-83A5-4F5C-98A7-4A8FCEE829F7}.Release|Any CPU.ActiveCfg = Release|Any CPU
		{5E4AD25A-83A5-4F5C-98A7-4A8FCEE829F7}.Release|Any CPU.Build.0 = Release|Any CPU
		{99A27D4C-BB31-49C0-8CD3-0CEA188A29A5}.Debug|Any CPU.ActiveCfg = Debug|Any CPU
		{99A27D4C-BB31-49C0-8CD3-0CEA188A29A5}.Debug|Any CPU.Build.0 = Debug|Any CPU
		{99A27D4C-BB31-49C0-8CD3-0CEA188A29A5}.Release|Any CPU.ActiveCfg = Release|Any CPU
		{99A27D4C-BB31-49C0-8CD3-0CEA188A29A5}.Release|Any CPU.Build.0 = Release|Any CPU
	EndGlobalSection
	GlobalSection(SolutionProperties) = preSolution
		HideSolutionNode = FALSE
	EndGlobalSection
	GlobalSection(ExtensibilityGlobals) = postSolution
		SolutionGuid = {8ECF4E7C-47D7-401A-9E12-D067A08D661F}
	EndGlobalSection
EndGlobal
